<?xml version="1.0" encoding="utf-8"?>
<Project ToolsVersion="4.0" xmlns="http://schemas.microsoft.com/developer/msbuild/2003">
  <ItemGroup>
    <Filter Include="소스 파일">
      <UniqueIdentifier>{4FC737F1-C7A5-4376-A066-2A32D752A2FF}</UniqueIdentifier>
      <Extensions>cpp;c;cc;cxx;c++;cppm;ixx;def;odl;idl;hpj;bat;asm;asmx</Extensions>
    </Filter>
    <Filter Include="헤더 파일">
      <UniqueIdentifier>{93995380-89BD-4b04-88EB-625FBE52EBFB}</UniqueIdentifier>
      <Extensions>h;hh;hpp;hxx;h++;hm;inl;inc;ipp;xsd</Extensions>
    </Filter>
    <Filter Include="리소스 파일">
      <UniqueIdentifier>{67DA6AB6-F800-4c08-8B7A-83BB121AAD01}</UniqueIdentifier>
      <Extensions>rc;ico;cur;bmp;dlg;rc2;rct;bin;rgs;gif;jpg;jpeg;jpe;resx;tiff;tif;png;wav;mfcribbon-ms</Extensions>
    </Filter>
    <Filter Include="Class">
      <UniqueIdentifier>{7e729ac8-7e37-409a-8742-f5fb537b50f0}</UniqueIdentifier>
    </Filter>
    <Filter Include="Class\cpp">
      <UniqueIdentifier>{f2a64182-407a-40d0-a88b-ed7c2d6a8e61}</UniqueIdentifier>
    </Filter>
    <Filter Include="Class\h">
      <UniqueIdentifier>{46d82b12-962c-4038-93ee-4d5c95b23e73}</UniqueIdentifier>
    </Filter>
    <Filter Include="Shader">
      <UniqueIdentifier>{50f60887-0bca-4502-bef4-794cb1bf69d1}</UniqueIdentifier>
    </Filter>
  </ItemGroup>
  <ItemGroup>
    <ClInclude Include="framework.h">
      <Filter>헤더 파일</Filter>
    </ClInclude>
    <ClInclude Include="targetver.h">
      <Filter>헤더 파일</Filter>
    </ClInclude>
    <ClInclude Include="Resource.h">
      <Filter>헤더 파일</Filter>
    </ClInclude>
    <ClInclude Include="LabProject14.h">
      <Filter>헤더 파일</Filter>
    </ClInclude>
    <ClInclude Include="Timer.h">
      <Filter>Class\h</Filter>
    </ClInclude>
    <ClInclude Include="Shader.h">
      <Filter>Class\h</Filter>
    </ClInclude>
    <ClInclude Include="Scene.h">
      <Filter>Class\h</Filter>
    </ClInclude>
    <ClInclude Include="Player.h">
      <Filter>Class\h</Filter>
    </ClInclude>
    <ClInclude Include="Mesh.h">
      <Filter>Class\h</Filter>
    </ClInclude>
    <ClInclude Include="GameObject.h">
      <Filter>Class\h</Filter>
    </ClInclude>
    <ClInclude Include="GameFramework.h">
      <Filter>Class\h</Filter>
    </ClInclude>
    <ClInclude Include="Camera.h">
      <Filter>Class\h</Filter>
    </ClInclude>
  </ItemGroup>
  <ItemGroup>
    <ClCompile Include="LabProject14.cpp">
      <Filter>소스 파일</Filter>
    </ClCompile>
    <ClCompile Include="Camera.cpp">
      <Filter>Class\cpp</Filter>
    </ClCompile>
    <ClCompile Include="GameFramework.cpp">
      <Filter>Class\cpp</Filter>
    </ClCompile>
    <ClCompile Include="GameObject.cpp">
      <Filter>Class\cpp</Filter>
    </ClCompile>
    <ClCompile Include="Mesh.cpp">
      <Filter>Class\cpp</Filter>
    </ClCompile>
    <ClCompile Include="Player.cpp">
      <Filter>Class\cpp</Filter>
    </ClCompile>
    <ClCompile Include="Scene.cpp">
      <Filter>Class\cpp</Filter>
    </ClCompile>
    <ClCompile Include="Shader.cpp">
      <Filter>Class\cpp</Filter>
    </ClCompile>
    <ClCompile Include="Timer.cpp">
      <Filter>Class\cpp</Filter>
    </ClCompile>
    <ClCompile Include="framework.cpp">
      <Filter>소스 파일</Filter>
    </ClCompile>
  </ItemGroup>
  <ItemGroup>
    <ResourceCompile Include="LabProject14.rc">
      <Filter>리소스 파일</Filter>
    </ResourceCompile>
  </ItemGroup>
  <ItemGroup>
    <Image Include="small.ico">
      <Filter>리소스 파일</Filter>
    </Image>
    <Image Include="LabProject14.ico">
      <Filter>리소스 파일</Filter>
    </Image>
    <Image Include="HeightMap.jpg">
      <Filter>리소스 파일</Filter>
    </Image>
  </ItemGroup>
  <ItemGroup>
    <FxCompile Include="VertexShader.hlsl">
      <Filter>Shader</Filter>
    </FxCompile>
  </ItemGroup>
  <ItemGroup>
    <None Include="PixelShader.hlsl">
      <Filter>Shader</Filter>
    </None>
    <None Include="HeightMap.raw">
      <Filter>리소스 파일</Filter>
    </None>
  </ItemGroup>
</Project>