
Microsoft Visual Studio Solution File, Format Version 12.00
# Visual Studio Version 16
VisualStudioVersion = 16.0.31313.79
MinimumVisualStudioVersion = 10.0.40219.1
Project("{8BC9CEB8-8B4A-11D0-8D11-00A0C91BC942}") = "LabProject00", "LabProject00\LabProject00.vcxproj", "{7BBBC3E1-5BEA-4B96-8295-F58524D5E796}"
EndProject
Project("{8BC9CEB8-8B4A-11D0-8D11-00A0C91BC942}") = "LabProject01", "LabProject01\LabProject01.vcxproj", "{AFAE69A0-64FB-466C-950B-5158C37468F9}"
EndProject
Project("{8BC9CEB8-8B4A-11D0-8D11-00A0C91BC942}") = "LabProject02", "LabProject02\LabProject02.vcxproj", "{346D90EA-D4E8-4964-AF7A-8BF725422472}"
EndProject
Project("{8BC9CEB8-8B4A-11D0-8D11-00A0C91BC942}") = "LabProject03", "LabProject03\LabProject03.vcxproj", "{533BC0E3-CA04-40DE-883A-DF9FF24DE242}"
EndProject
Project("{8BC9CEB8-8B4A-11D0-8D11-00A0C91BC942}") = "LabProject04", "LabProject04\LabProject04.vcxproj", "{D8E57E40-4D2F-422E-8BC7-8DDF37F7558E}"
EndProject
Project("{8BC9CEB8-8B4A-11D0-8D11-00A0C91BC942}") = "LabProject05", "LabProject05\LabProject05.vcxproj", "{5912F97B-7140-4D23-BDA2-DA516B05F010}"
EndProject
Project("{8BC9CEB8-8B4A-11D0-8D11-00A0C91BC942}") = "LabProject05-1", "LabProject05-1\LabProject05-1.vcxproj", "{EAB58FD9-9D60-46CE-A71E-3339F8A7D5A1}"
EndProject
Project("{8BC9CEB8-8B4A-11D0-8D11-00A0C91BC942}") = "LabProject06", "LabProject06\LabProject06.vcxproj", "{AAB4C7D3-90F2-4ADD-B6D8-FF5E21DE9ED6}"
EndProject
Global
	GlobalSection(SolutionConfigurationPlatforms) = preSolution
		Debug|x64 = Debug|x64
		Debug|x86 = Debug|x86
		Release|x64 = Release|x64
		Release|x86 = Release|x86
	EndGlobalSection
	GlobalSection(ProjectConfigurationPlatforms) = postSolution
		{7BBBC3E1-5BEA-4B96-8295-F58524D5E796}.Debug|x64.ActiveCfg = Debug|x64
		{7BBBC3E1-5BEA-4B96-8295-F58524D5E796}.Debug|x64.Build.0 = Debug|x64
		{7BBBC3E1-5BEA-4B96-8295-F58524D5E796}.Debug|x86.ActiveCfg = Debug|Win32
		{7BBBC3E1-5BEA-4B96-8295-F58524D5E796}.Debug|x86.Build.0 = Debug|Win32
		{7BBBC3E1-5BEA-4B96-8295-F58524D5E796}.Release|x64.ActiveCfg = Release|x64
		{7BBBC3E1-5BEA-4B96-8295-F58524D5E796}.Release|x64.Build.0 = Release|x64
		{7BBBC3E1-5BEA-4B96-8295-F58524D5E796}.Release|x86.ActiveCfg = Release|Win32
		{7BBBC3E1-5BEA-4B96-8295-F58524D5E796}.Release|x86.Build.0 = Release|Win32
		{AFAE69A0-64FB-466C-950B-5158C37468F9}.Debug|x64.ActiveCfg = Debug|x64
		{AFAE69A0-64FB-466C-950B-5158C37468F9}.Debug|x64.Build.0 = Debug|x64
		{AFAE69A0-64FB-466C-950B-5158C37468F9}.Debug|x86.ActiveCfg = Debug|Win32
		{AFAE69A0-64FB-466C-950B-5158C37468F9}.Debug|x86.Build.0 = Debug|Win32
		{AFAE69A0-64FB-466C-950B-5158C37468F9}.Release|x64.ActiveCfg = Release|x64
		{AFAE69A0-64FB-466C-950B-5158C37468F9}.Release|x64.Build.0 = Release|x64
		{AFAE69A0-64FB-466C-950B-5158C37468F9}.Release|x86.ActiveCfg = Release|Win32
		{AFAE69A0-64FB-466C-950B-5158C37468F9}.Release|x86.Build.0 = Release|Win32
		{346D90EA-D4E8-4964-AF7A-8BF725422472}.Debug|x64.ActiveCfg = Debug|x64
		{346D90EA-D4E8-4964-AF7A-8BF725422472}.Debug|x64.Build.0 = Debug|x64
		{346D90EA-D4E8-4964-AF7A-8BF725422472}.Debug|x86.ActiveCfg = Debug|Win32
		{346D90EA-D4E8-4964-AF7A-8BF725422472}.Debug|x86.Build.0 = Debug|Win32
		{346D90EA-D4E8-4964-AF7A-8BF725422472}.Release|x64.ActiveCfg = Release|x64
		{346D90EA-D4E8-4964-AF7A-8BF725422472}.Release|x64.Build.0 = Release|x64
		{346D90EA-D4E8-4964-AF7A-8BF725422472}.Release|x86.ActiveCfg = Release|Win32
		{346D90EA-D4E8-4964-AF7A-8BF725422472}.Release|x86.Build.0 = Release|Win32
		{533BC0E3-CA04-40DE-883A-DF9FF24DE242}.Debug|x64.ActiveCfg = Debug|x64
		{533BC0E3-CA04-40DE-883A-DF9FF24DE242}.Debug|x64.Build.0 = Debug|x64
		{533BC0E3-CA04-40DE-883A-DF9FF24DE242}.Debug|x86.ActiveCfg = Debug|Win32
		{533BC0E3-CA04-40DE-883A-DF9FF24DE242}.Debug|x86.Build.0 = Debug|Win32
		{533BC0E3-CA04-40DE-883A-DF9FF24DE242}.Release|x64.ActiveCfg = Release|x64
		{533BC0E3-CA04-40DE-883A-DF9FF24DE242}.Release|x64.Build.0 = Release|x64
		{533BC0E3-CA04-40DE-883A-DF9FF24DE242}.Release|x86.ActiveCfg = Release|Win32
		{533BC0E3-CA04-40DE-883A-DF9FF24DE242}.Release|x86.Build.0 = Release|Win32
		{D8E57E40-4D2F-422E-8BC7-8DDF37F7558E}.Debug|x64.ActiveCfg = Debug|x64
		{D8E57E40-4D2F-422E-8BC7-8DDF37F7558E}.Debug|x64.Build.0 = Debug|x64
		{D8E57E40-4D2F-422E-8BC7-8DDF37F7558E}.Debug|x86.ActiveCfg = Debug|Win32
		{D8E57E40-4D2F-422E-8BC7-8DDF37F7558E}.Debug|x86.Build.0 = Debug|Win32
		{D8E57E40-4D2F-422E-8BC7-8DDF37F7558E}.Release|x64.ActiveCfg = Release|x64
		{D8E57E40-4D2F-422E-8BC7-8DDF37F7558E}.Release|x64.Build.0 = Release|x64
		{D8E57E40-4D2F-422E-8BC7-8DDF37F7558E}.Release|x86.ActiveCfg = Release|Win32
		{D8E57E40-4D2F-422E-8BC7-8DDF37F7558E}.Release|x86.Build.0 = Release|Win32
		{5912F97B-7140-4D23-BDA2-DA516B05F010}.Debug|x64.ActiveCfg = Debug|x64
		{5912F97B-7140-4D23-BDA2-DA516B05F010}.Debug|x64.Build.0 = Debug|x64
		{5912F97B-7140-4D23-BDA2-DA516B05F010}.Debug|x86.ActiveCfg = Debug|Win32
		{5912F97B-7140-4D23-BDA2-DA516B05F010}.Debug|x86.Build.0 = Debug|Win32
		{5912F97B-7140-4D23-BDA2-DA516B05F010}.Release|x64.ActiveCfg = Release|x64
		{5912F97B-7140-4D23-BDA2-DA516B05F010}.Release|x64.Build.0 = Release|x64
		{5912F97B-7140-4D23-BDA2-DA516B05F010}.Release|x86.ActiveCfg = Release|Win32
		{5912F97B-7140-4D23-BDA2-DA516B05F010}.Release|x86.Build.0 = Release|Win32
		{EAB58FD9-9D60-46CE-A71E-3339F8A7D5A1}.Debug|x64.ActiveCfg = Debug|x64
		{EAB58FD9-9D60-46CE-A71E-3339F8A7D5A1}.Debug|x64.Build.0 = Debug|x64
		{EAB58FD9-9D60-46CE-A71E-3339F8A7D5A1}.Debug|x86.ActiveCfg = Debug|Win32
		{EAB58FD9-9D60-46CE-A71E-3339F8A7D5A1}.Debug|x86.Build.0 = Debug|Win32
		{EAB58FD9-9D60-46CE-A71E-3339F8A7D5A1}.Release|x64.ActiveCfg = Release|x64
		{EAB58FD9-9D60-46CE-A71E-3339F8A7D5A1}.Release|x64.Build.0 = Release|x64
		{EAB58FD9-9D60-46CE-A71E-3339F8A7D5A1}.Release|x86.ActiveCfg = Release|Win32
		{EAB58FD9-9D60-46CE-A71E-3339F8A7D5A1}.Release|x86.Build.0 = Release|Win32
		{AAB4C7D3-90F2-4ADD-B6D8-FF5E21DE9ED6}.Debug|x64.ActiveCfg = Debug|x64
		{AAB4C7D3-90F2-4ADD-B6D8-FF5E21DE9ED6}.Debug|x64.Build.0 = Debug|x64
		{AAB4C7D3-90F2-4ADD-B6D8-FF5E21DE9ED6}.Debug|x86.ActiveCfg = Debug|Win32
		{AAB4C7D3-90F2-4ADD-B6D8-FF5E21DE9ED6}.Debug|x86.Build.0 = Debug|Win32
		{AAB4C7D3-90F2-4ADD-B6D8-FF5E21DE9ED6}.Release|x64.ActiveCfg = Release|x64
		{AAB4C7D3-90F2-4ADD-B6D8-FF5E21DE9ED6}.Release|x64.Build.0 = Release|x64
		{AAB4C7D3-90F2-4ADD-B6D8-FF5E21DE9ED6}.Release|x86.ActiveCfg = Release|Win32
		{AAB4C7D3-90F2-4ADD-B6D8-FF5E21DE9ED6}.Release|x86.Build.0 = Release|Win32
	EndGlobalSection
	GlobalSection(SolutionProperties) = preSolution
		HideSolutionNode = FALSE
	EndGlobalSection
	GlobalSection(ExtensibilityGlobals) = postSolution
		SolutionGuid = {AC27A34B-827F-4E61-9E76-C0B67E5D41E6}
	EndGlobalSection
EndGlobal
