<?xml version="1.0" encoding="utf-8"?>
<Project ToolsVersion="4.0" xmlns="http://schemas.microsoft.com/developer/msbuild/2003">
  <ItemGroup>
    <Filter Include="소스 파일">
      <UniqueIdentifier>{4FC737F1-C7A5-4376-A066-2A32D752A2FF}</UniqueIdentifier>
      <Extensions>cpp;c;cc;cxx;c++;cppm;ixx;def;odl;idl;hpj;bat;asm;asmx</Extensions>
    </Filter>
    <Filter Include="헤더 파일">
      <UniqueIdentifier>{93995380-89BD-4b04-88EB-625FBE52EBFB}</UniqueIdentifier>
      <Extensions>h;hh;hpp;hxx;h++;hm;inl;inc;ipp;xsd</Extensions>
    </Filter>
    <Filter Include="리소스 파일">
      <UniqueIdentifier>{67DA6AB6-F800-4c08-8B7A-83BB121AAD01}</UniqueIdentifier>
      <Extensions>rc;ico;cur;bmp;dlg;rc2;rct;bin;rgs;gif;jpg;jpeg;jpe;resx;tiff;tif;png;wav;mfcribbon-ms</Extensions>
    </Filter>
    <Filter Include="Class">
      <UniqueIdentifier>{3521cece-b67a-412d-a1c2-a2a1e365c5ba}</UniqueIdentifier>
    </Filter>
    <Filter Include="Shader">
      <UniqueIdentifier>{c6ea9f33-280f-47f0-aaf7-8ccd1913ef9b}</UniqueIdentifier>
    </Filter>
    <Filter Include="Class\cpp">
      <UniqueIdentifier>{df95c2a7-1c4e-4c17-8c91-c1eeb00c876a}</UniqueIdentifier>
    </Filter>
    <Filter Include="Class\h">
      <UniqueIdentifier>{27721f7f-3914-4b6e-8601-acd80485eba1}</UniqueIdentifier>
    </Filter>
  </ItemGroup>
  <ItemGroup>
    <ClInclude Include="framework.h">
      <Filter>헤더 파일</Filter>
    </ClInclude>
    <ClInclude Include="targetver.h">
      <Filter>헤더 파일</Filter>
    </ClInclude>
    <ClInclude Include="Resource.h">
      <Filter>헤더 파일</Filter>
    </ClInclude>
    <ClInclude Include="LabProject13.h">
      <Filter>헤더 파일</Filter>
    </ClInclude>
    <ClInclude Include="Camera.h">
      <Filter>Class\h</Filter>
    </ClInclude>
    <ClInclude Include="GameFramework.h">
      <Filter>Class\h</Filter>
    </ClInclude>
    <ClInclude Include="GameObject.h">
      <Filter>Class\h</Filter>
    </ClInclude>
    <ClInclude Include="Mesh.h">
      <Filter>Class\h</Filter>
    </ClInclude>
    <ClInclude Include="Player.h">
      <Filter>Class\h</Filter>
    </ClInclude>
    <ClInclude Include="Scene.h">
      <Filter>Class\h</Filter>
    </ClInclude>
    <ClInclude Include="Shader.h">
      <Filter>Class\h</Filter>
    </ClInclude>
    <ClInclude Include="Timer.h">
      <Filter>Class\h</Filter>
    </ClInclude>
  </ItemGroup>
  <ItemGroup>
    <ClCompile Include="LabProject13.cpp">
      <Filter>소스 파일</Filter>
    </ClCompile>
    <ClCompile Include="Camera.cpp">
      <Filter>Class\cpp</Filter>
    </ClCompile>
    <ClCompile Include="GameFramework.cpp">
      <Filter>Class\cpp</Filter>
    </ClCompile>
    <ClCompile Include="GameObject.cpp">
      <Filter>Class\cpp</Filter>
    </ClCompile>
    <ClCompile Include="Mesh.cpp">
      <Filter>Class\cpp</Filter>
    </ClCompile>
    <ClCompile Include="Player.cpp">
      <Filter>Class\cpp</Filter>
    </ClCompile>
    <ClCompile Include="Scene.cpp">
      <Filter>Class\cpp</Filter>
    </ClCompile>
    <ClCompile Include="Shader.cpp">
      <Filter>Class\cpp</Filter>
    </ClCompile>
    <ClCompile Include="Timer.cpp">
      <Filter>Class\cpp</Filter>
    </ClCompile>
    <ClCompile Include="framework.cpp">
      <Filter>소스 파일</Filter>
    </ClCompile>
  </ItemGroup>
  <ItemGroup>
    <ResourceCompile Include="LabProject13.rc">
      <Filter>리소스 파일</Filter>
    </ResourceCompile>
  </ItemGroup>
  <ItemGroup>
    <Image Include="small.ico">
      <Filter>리소스 파일</Filter>
    </Image>
    <Image Include="LabProject13.ico">
      <Filter>리소스 파일</Filter>
    </Image>
  </ItemGroup>
  <ItemGroup>
    <FxCompile Include="PixelShader.hlsl">
      <Filter>Shader</Filter>
    </FxCompile>
  </ItemGroup>
  <ItemGroup>
    <None Include="VertexShader.hlsl">
      <Filter>Shader</Filter>
    </None>
  </ItemGroup>
</Project>